
Microsoft Visual Studio Solution File, Format Version 12.00
# Visual Studio Version 16
VisualStudioVersion = 16.0.30804.86
MinimumVisualStudioVersion = 10.0.40219.1
Project("{FAE04EC0-301F-11D3-BF4B-00C04F79EFBC}") = "BankSystem", "BankSystem\BankSystem.csproj", "{C8D8AA9A-EABB-47F1-AFE4-3C4BC59B3E39}"
EndProject
Global
	GlobalSection(SolutionConfigurationPlatforms) = preSolution
		Debug|Any CPU = Debug|Any CPU
		Release|Any CPU = Release|Any CPU
	EndGlobalSection
	GlobalSection(ProjectConfigurationPlatforms) = postSolution
		{C8D8AA9A-EABB-47F1-AFE4-3C4BC59B3E39}.Debug|Any CPU.ActiveCfg = Debug|Any CPU
		{C8D8AA9A-EABB-47F1-AFE4-3C4BC59B3E39}.Debug|Any CPU.Build.0 = Debug|Any CPU
		{C8D8AA9A-EABB-47F1-AFE4-3C4BC59B3E39}.Release|Any CPU.ActiveCfg = Release|Any CPU
		{C8D8AA9A-EABB-47F1-AFE4-3C4BC59B3E39}.Release|Any CPU.Build.0 = Release|Any CPU
	EndGlobalSection
	GlobalSection(SolutionProperties) = preSolution
		HideSolutionNode = FALSE
	EndGlobalSection
	GlobalSection(ExtensibilityGlobals) = postSolution
		SolutionGuid = {88EF32F1-8871-4291-8B88-F3A00708F739}
	EndGlobalSection
EndGlobal
